
Microsoft Visual Studio Solution File, Format Version 12.00
# Visual Studio 15
VisualStudioVersion = 15.0.26228.9
MinimumVisualStudioVersion = 10.0.40219.1
Project("{FAE04EC0-301F-11D3-BF4B-00C04F79EFBC}") = "ProductRatings", "ProductRatings\ProductRatings.csproj", "{085DEB97-79E2-41EA-9997-BDA427BE541E}"
EndProject
Project("{FAE04EC0-301F-11D3-BF4B-00C04F79EFBC}") = "ProductRatings.Test", "ProductRatings.Test\ProductRatings.Test.csproj", "{95BF8EF8-E3AF-42D5-BB40-4151C5ECEE0D}"
EndProject
Project("{FAE04EC0-301F-11D3-BF4B-00C04F79EFBC}") = "ProductRatings.Web", "ProductRatings.Web\ProductRatings.Web.csproj", "{B6320C17-5973-4ED1-963F-9DA5919CC2AF}"
EndProject
Global
	GlobalSection(SolutionConfigurationPlatforms) = preSolution
		Debug|Any CPU = Debug|Any CPU
		Release|Any CPU = Release|Any CPU
	EndGlobalSection
	GlobalSection(ProjectConfigurationPlatforms) = postSolution
		{085DEB97-79E2-41EA-9997-BDA427BE541E}.Debug|Any CPU.ActiveCfg = Debug|Any CPU
		{085DEB97-79E2-41EA-9997-BDA427BE541E}.Debug|Any CPU.Build.0 = Debug|Any CPU
		{085DEB97-79E2-41EA-9997-BDA427BE541E}.Release|Any CPU.ActiveCfg = Release|Any CPU
		{085DEB97-79E2-41EA-9997-BDA427BE541E}.Release|Any CPU.Build.0 = Release|Any CPU
		{95BF8EF8-E3AF-42D5-BB40-4151C5ECEE0D}.Debug|Any CPU.ActiveCfg = Debug|Any CPU
		{95BF8EF8-E3AF-42D5-BB40-4151C5ECEE0D}.Debug|Any CPU.Build.0 = Debug|Any CPU
		{95BF8EF8-E3AF-42D5-BB40-4151C5ECEE0D}.Release|Any CPU.ActiveCfg = Release|Any CPU
		{95BF8EF8-E3AF-42D5-BB40-4151C5ECEE0D}.Release|Any CPU.Build.0 = Release|Any CPU
		{B6320C17-5973-4ED1-963F-9DA5919CC2AF}.Debug|Any CPU.ActiveCfg = Debug|Any CPU
		{B6320C17-5973-4ED1-963F-9DA5919CC2AF}.Debug|Any CPU.Build.0 = Debug|Any CPU
		{B6320C17-5973-4ED1-963F-9DA5919CC2AF}.Release|Any CPU.ActiveCfg = Release|Any CPU
		{B6320C17-5973-4ED1-963F-9DA5919CC2AF}.Release|Any CPU.Build.0 = Release|Any CPU
	EndGlobalSection
	GlobalSection(SolutionProperties) = preSolution
		HideSolutionNode = FALSE
	EndGlobalSection
EndGlobal
